
Microsoft Visual Studio Solution File, Format Version 12.00
# Visual Studio 2013
VisualStudioVersion = 12.0.30723.0
MinimumVisualStudioVersion = 10.0.40219.1
Project("{FAE04EC0-301F-11D3-BF4B-00C04F79EFBC}") = "SyncTrayzor", "SyncTrayzor\SyncTrayzor.csproj", "{D1F89B3D-7967-4DC6-AE45-50A7817FE54F}"
EndProject
Global
	GlobalSection(SolutionConfigurationPlatforms) = preSolution
		Debug|Any CPU = Debug|Any CPU
		Release|Any CPU = Release|Any CPU
	EndGlobalSection
	GlobalSection(ProjectConfigurationPlatforms) = postSolution
		{D1F89B3D-7967-4DC6-AE45-50A7817FE54F}.Debug|Any CPU.ActiveCfg = Debug|Any CPU
		{D1F89B3D-7967-4DC6-AE45-50A7817FE54F}.Debug|Any CPU.Build.0 = Debug|Any CPU
		{D1F89B3D-7967-4DC6-AE45-50A7817FE54F}.Release|Any CPU.ActiveCfg = Release|Any CPU
		{D1F89B3D-7967-4DC6-AE45-50A7817FE54F}.Release|Any CPU.Build.0 = Release|Any CPU
	EndGlobalSection
	GlobalSection(SolutionProperties) = preSolution
		HideSolutionNode = FALSE
	EndGlobalSection
EndGlobal
